<?xml version="1.0" encoding="UTF-8"?>
<Project ToolsVersion="14.0" xmlns="http://schemas.microsoft.com/developer/msbuild/2003">
  <ItemGroup>
    <ClCompile Include="E:\OneDrive\Learn_OpenGl\lib\glfw\tests\events.c">
      <Filter>Source Files</Filter>
    </ClCompile>
    <ClCompile Include="E:\OneDrive\Learn_OpenGl\lib\glfw\deps\getopt.c">
      <Filter>Source Files</Filter>
    </ClCompile>
    <ClCompile Include="E:\OneDrive\Learn_OpenGl\lib\glfw\deps\glad.c">
      <Filter>Source Files</Filter>
    </ClCompile>
  </ItemGroup>
  <ItemGroup>
    <ClInclude Include="E:\OneDrive\Learn_OpenGl\lib\glfw\deps\getopt.h">
      <Filter>Header Files</Filter>
    </ClInclude>
    <ClInclude Include="E:\OneDrive\Learn_OpenGl\lib\glfw\deps\glad\glad.h">
      <Filter>Header Files</Filter>
    </ClInclude>
  </ItemGroup>
  <ItemGroup>
    <CustomBuild Include="E:\OneDrive\Learn_OpenGl\lib\glfw\tests\CMakeLists.txt" />
  </ItemGroup>
  <ItemGroup>
    <Filter Include="Source Files">
      <UniqueIdentifier>{EC2EDE37-52D4-3282-AB0E-43E98DDB55B1}</UniqueIdentifier>
    </Filter>
    <Filter Include="Header Files">
      <UniqueIdentifier>{D088E43E-770B-3976-A608-A012CD61C576}</UniqueIdentifier>
    </Filter>
  </ItemGroup>
</Project>
