Microsoft Visual Studio Solution File, Format Version 12.00
# Visual Studio 14
Project("{2150E333-8FDC-42A3-9474-1A3956D46DE8}") = "CMakePredefinedTargets", "CMakePredefinedTargets", "{580BBCBA-4FBF-32F2-8DFD-C203813A3AAA}"
EndProject
Project("{2150E333-8FDC-42A3-9474-1A3956D46DE8}") = "GLFW3", "GLFW3", "{0323552F-116C-3DB0-90BE-E7A3E0D1C5C0}"
EndProject
Project("{2150E333-8FDC-42A3-9474-1A3956D46DE8}") = "Examples", "GLFW3\Examples", "{D3107EF1-010D-3E8A-A71F-F40DE016684D}"
EndProject
Project("{2150E333-8FDC-42A3-9474-1A3956D46DE8}") = "Tests", "GLFW3\Tests", "{CE1DEE5C-DB9F-348A-8499-B61AA3FB8B2E}"
EndProject
Project("{8BC9CEB8-8B4A-11D0-8D11-00A0C91BC942}") = "ALL_BUILD", "ALL_BUILD.vcxproj", "{213F4676-6C43-3ACF-8B38-7F8CFB997D06}"
	ProjectSection(ProjectDependencies) = postProject
		{8C948812-E70B-3690-B9D4-9B144098EE16} = {8C948812-E70B-3690-B9D4-9B144098EE16}
		{1F9B1035-1CA4-39D6-9B83-B7572F461902} = {1F9B1035-1CA4-39D6-9B83-B7572F461902}
		{0C6DD35A-EC9D-32C2-BC17-A2325015DCE6} = {0C6DD35A-EC9D-32C2-BC17-A2325015DCE6}
		{A43129BC-5C7B-34C0-9FAF-985E873E3E58} = {A43129BC-5C7B-34C0-9FAF-985E873E3E58}
		{64CCE29A-F890-37D9-B846-F2215328DCA0} = {64CCE29A-F890-37D9-B846-F2215328DCA0}
		{C65B6464-1872-3E00-A61A-E5505387FD62} = {C65B6464-1872-3E00-A61A-E5505387FD62}
		{7310FCD5-1DE1-35E1-881B-20B1F51BDB0F} = {7310FCD5-1DE1-35E1-881B-20B1F51BDB0F}
		{FD2C2C65-9164-3588-9EE2-724AB07E624A} = {FD2C2C65-9164-3588-9EE2-724AB07E624A}
		{957A84C4-3942-3876-9DA5-219C4701B15D} = {957A84C4-3942-3876-9DA5-219C4701B15D}
		{445BD253-1073-3356-8DB5-997F5F3404F4} = {445BD253-1073-3356-8DB5-997F5F3404F4}
		{070CF72A-6D61-3776-8DB8-7AF4AABDCCCB} = {070CF72A-6D61-3776-8DB8-7AF4AABDCCCB}
		{403EDD4C-05B1-37B7-918F-E633DAC7543F} = {403EDD4C-05B1-37B7-918F-E633DAC7543F}
		{B6E87898-76CB-336D-847B-C88657DAE67E} = {B6E87898-76CB-336D-847B-C88657DAE67E}
		{3C6FBA17-782C-3700-BBA2-DF1837CD0EFA} = {3C6FBA17-782C-3700-BBA2-DF1837CD0EFA}
		{D99D1824-730A-31FA-9D7A-E931B0747E46} = {D99D1824-730A-31FA-9D7A-E931B0747E46}
		{AF5429FF-B249-33EB-B453-971A549D9933} = {AF5429FF-B249-33EB-B453-971A549D9933}
		{0EA20109-C41A-30D9-A0CA-1E065F7EF4DC} = {0EA20109-C41A-30D9-A0CA-1E065F7EF4DC}
		{CFE508E7-EC87-33CD-8791-07907EE1BA21} = {CFE508E7-EC87-33CD-8791-07907EE1BA21}
		{9100E386-E944-35E6-A8C5-27A424389D74} = {9100E386-E944-35E6-A8C5-27A424389D74}
		{63E34AE2-2B2F-3610-9353-3551CB0C24DF} = {63E34AE2-2B2F-3610-9353-3551CB0C24DF}
		{7F8B6EBD-88A3-39CF-B22C-DF47D846705A} = {7F8B6EBD-88A3-39CF-B22C-DF47D846705A}
		{79E1D2D9-C1E6-33B6-8604-939DD6E0C797} = {79E1D2D9-C1E6-33B6-8604-939DD6E0C797}
		{DD6075C7-5BD0-3288-8946-C5B90878A41F} = {DD6075C7-5BD0-3288-8946-C5B90878A41F}
		{9D03709C-F8A6-30D4-96EE-AF1B6E273488} = {9D03709C-F8A6-30D4-96EE-AF1B6E273488}
		{48B228DE-647E-3515-9686-5A6F1CC57769} = {48B228DE-647E-3515-9686-5A6F1CC57769}
		{17B37507-3FBF-3B3E-AC4A-910A74268768} = {17B37507-3FBF-3B3E-AC4A-910A74268768}
		{8AFAF5C5-8125-3E6B-8F8B-0E57B5E3B4E9} = {8AFAF5C5-8125-3E6B-8F8B-0E57B5E3B4E9}
	EndProjectSection
EndProject
Project("{8BC9CEB8-8B4A-11D0-8D11-00A0C91BC942}") = "INSTALL", "INSTALL.vcxproj", "{EDB5AE5C-7046-3245-B908-40D08F1993AE}"
	ProjectSection(ProjectDependencies) = postProject
		{213F4676-6C43-3ACF-8B38-7F8CFB997D06} = {213F4676-6C43-3ACF-8B38-7F8CFB997D06}
		{8C948812-E70B-3690-B9D4-9B144098EE16} = {8C948812-E70B-3690-B9D4-9B144098EE16}
	EndProjectSection
EndProject
Project("{8BC9CEB8-8B4A-11D0-8D11-00A0C91BC942}") = "ZERO_CHECK", "ZERO_CHECK.vcxproj", "{8C948812-E70B-3690-B9D4-9B144098EE16}"
	ProjectSection(ProjectDependencies) = postProject
	EndProjectSection
EndProject
Project("{8BC9CEB8-8B4A-11D0-8D11-00A0C91BC942}") = "boing", "examples\boing.vcxproj", "{1F9B1035-1CA4-39D6-9B83-B7572F461902}"
	ProjectSection(ProjectDependencies) = postProject
		{8C948812-E70B-3690-B9D4-9B144098EE16} = {8C948812-E70B-3690-B9D4-9B144098EE16}
		{957A84C4-3942-3876-9DA5-219C4701B15D} = {957A84C4-3942-3876-9DA5-219C4701B15D}
	EndProjectSection
EndProject
Project("{8BC9CEB8-8B4A-11D0-8D11-00A0C91BC942}") = "clipboard", "tests\clipboard.vcxproj", "{0C6DD35A-EC9D-32C2-BC17-A2325015DCE6}"
	ProjectSection(ProjectDependencies) = postProject
		{8C948812-E70B-3690-B9D4-9B144098EE16} = {8C948812-E70B-3690-B9D4-9B144098EE16}
		{957A84C4-3942-3876-9DA5-219C4701B15D} = {957A84C4-3942-3876-9DA5-219C4701B15D}
	EndProjectSection
EndProject
Project("{8BC9CEB8-8B4A-11D0-8D11-00A0C91BC942}") = "cursor", "tests\cursor.vcxproj", "{A43129BC-5C7B-34C0-9FAF-985E873E3E58}"
	ProjectSection(ProjectDependencies) = postProject
		{8C948812-E70B-3690-B9D4-9B144098EE16} = {8C948812-E70B-3690-B9D4-9B144098EE16}
		{957A84C4-3942-3876-9DA5-219C4701B15D} = {957A84C4-3942-3876-9DA5-219C4701B15D}
	EndProjectSection
EndProject
Project("{8BC9CEB8-8B4A-11D0-8D11-00A0C91BC942}") = "empty", "tests\empty.vcxproj", "{64CCE29A-F890-37D9-B846-F2215328DCA0}"
	ProjectSection(ProjectDependencies) = postProject
		{8C948812-E70B-3690-B9D4-9B144098EE16} = {8C948812-E70B-3690-B9D4-9B144098EE16}
		{957A84C4-3942-3876-9DA5-219C4701B15D} = {957A84C4-3942-3876-9DA5-219C4701B15D}
	EndProjectSection
EndProject
Project("{8BC9CEB8-8B4A-11D0-8D11-00A0C91BC942}") = "events", "tests\events.vcxproj", "{C65B6464-1872-3E00-A61A-E5505387FD62}"
	ProjectSection(ProjectDependencies) = postProject
		{8C948812-E70B-3690-B9D4-9B144098EE16} = {8C948812-E70B-3690-B9D4-9B144098EE16}
		{957A84C4-3942-3876-9DA5-219C4701B15D} = {957A84C4-3942-3876-9DA5-219C4701B15D}
	EndProjectSection
EndProject
Project("{8BC9CEB8-8B4A-11D0-8D11-00A0C91BC942}") = "gamma", "tests\gamma.vcxproj", "{7310FCD5-1DE1-35E1-881B-20B1F51BDB0F}"
	ProjectSection(ProjectDependencies) = postProject
		{8C948812-E70B-3690-B9D4-9B144098EE16} = {8C948812-E70B-3690-B9D4-9B144098EE16}
		{957A84C4-3942-3876-9DA5-219C4701B15D} = {957A84C4-3942-3876-9DA5-219C4701B15D}
	EndProjectSection
EndProject
Project("{8BC9CEB8-8B4A-11D0-8D11-00A0C91BC942}") = "gears", "examples\gears.vcxproj", "{FD2C2C65-9164-3588-9EE2-724AB07E624A}"
	ProjectSection(ProjectDependencies) = postProject
		{8C948812-E70B-3690-B9D4-9B144098EE16} = {8C948812-E70B-3690-B9D4-9B144098EE16}
		{957A84C4-3942-3876-9DA5-219C4701B15D} = {957A84C4-3942-3876-9DA5-219C4701B15D}
	EndProjectSection
EndProject
Project("{8BC9CEB8-8B4A-11D0-8D11-00A0C91BC942}") = "glfw", "src\glfw.vcxproj", "{957A84C4-3942-3876-9DA5-219C4701B15D}"
	ProjectSection(ProjectDependencies) = postProject
		{8C948812-E70B-3690-B9D4-9B144098EE16} = {8C948812-E70B-3690-B9D4-9B144098EE16}
	EndProjectSection
EndProject
Project("{8BC9CEB8-8B4A-11D0-8D11-00A0C91BC942}") = "glfwinfo", "tests\glfwinfo.vcxproj", "{445BD253-1073-3356-8DB5-997F5F3404F4}"
	ProjectSection(ProjectDependencies) = postProject
		{8C948812-E70B-3690-B9D4-9B144098EE16} = {8C948812-E70B-3690-B9D4-9B144098EE16}
		{957A84C4-3942-3876-9DA5-219C4701B15D} = {957A84C4-3942-3876-9DA5-219C4701B15D}
	EndProjectSection
EndProject
Project("{8BC9CEB8-8B4A-11D0-8D11-00A0C91BC942}") = "heightmap", "examples\heightmap.vcxproj", "{070CF72A-6D61-3776-8DB8-7AF4AABDCCCB}"
	ProjectSection(ProjectDependencies) = postProject
		{8C948812-E70B-3690-B9D4-9B144098EE16} = {8C948812-E70B-3690-B9D4-9B144098EE16}
		{957A84C4-3942-3876-9DA5-219C4701B15D} = {957A84C4-3942-3876-9DA5-219C4701B15D}
	EndProjectSection
EndProject
Project("{8BC9CEB8-8B4A-11D0-8D11-00A0C91BC942}") = "icon", "tests\icon.vcxproj", "{403EDD4C-05B1-37B7-918F-E633DAC7543F}"
	ProjectSection(ProjectDependencies) = postProject
		{8C948812-E70B-3690-B9D4-9B144098EE16} = {8C948812-E70B-3690-B9D4-9B144098EE16}
		{957A84C4-3942-3876-9DA5-219C4701B15D} = {957A84C4-3942-3876-9DA5-219C4701B15D}
	EndProjectSection
EndProject
Project("{8BC9CEB8-8B4A-11D0-8D11-00A0C91BC942}") = "iconify", "tests\iconify.vcxproj", "{B6E87898-76CB-336D-847B-C88657DAE67E}"
	ProjectSection(ProjectDependencies) = postProject
		{8C948812-E70B-3690-B9D4-9B144098EE16} = {8C948812-E70B-3690-B9D4-9B144098EE16}
		{957A84C4-3942-3876-9DA5-219C4701B15D} = {957A84C4-3942-3876-9DA5-219C4701B15D}
	EndProjectSection
EndProject
Project("{8BC9CEB8-8B4A-11D0-8D11-00A0C91BC942}") = "joysticks", "tests\joysticks.vcxproj", "{3C6FBA17-782C-3700-BBA2-DF1837CD0EFA}"
	ProjectSection(ProjectDependencies) = postProject
		{8C948812-E70B-3690-B9D4-9B144098EE16} = {8C948812-E70B-3690-B9D4-9B144098EE16}
		{957A84C4-3942-3876-9DA5-219C4701B15D} = {957A84C4-3942-3876-9DA5-219C4701B15D}
	EndProjectSection
EndProject
Project("{8BC9CEB8-8B4A-11D0-8D11-00A0C91BC942}") = "monitors", "tests\monitors.vcxproj", "{D99D1824-730A-31FA-9D7A-E931B0747E46}"
	ProjectSection(ProjectDependencies) = postProject
		{8C948812-E70B-3690-B9D4-9B144098EE16} = {8C948812-E70B-3690-B9D4-9B144098EE16}
		{957A84C4-3942-3876-9DA5-219C4701B15D} = {957A84C4-3942-3876-9DA5-219C4701B15D}
	EndProjectSection
EndProject
Project("{8BC9CEB8-8B4A-11D0-8D11-00A0C91BC942}") = "msaa", "tests\msaa.vcxproj", "{AF5429FF-B249-33EB-B453-971A549D9933}"
	ProjectSection(ProjectDependencies) = postProject
		{8C948812-E70B-3690-B9D4-9B144098EE16} = {8C948812-E70B-3690-B9D4-9B144098EE16}
		{957A84C4-3942-3876-9DA5-219C4701B15D} = {957A84C4-3942-3876-9DA5-219C4701B15D}
	EndProjectSection
EndProject
Project("{8BC9CEB8-8B4A-11D0-8D11-00A0C91BC942}") = "particles", "examples\particles.vcxproj", "{0EA20109-C41A-30D9-A0CA-1E065F7EF4DC}"
	ProjectSection(ProjectDependencies) = postProject
		{8C948812-E70B-3690-B9D4-9B144098EE16} = {8C948812-E70B-3690-B9D4-9B144098EE16}
		{957A84C4-3942-3876-9DA5-219C4701B15D} = {957A84C4-3942-3876-9DA5-219C4701B15D}
	EndProjectSection
EndProject
Project("{8BC9CEB8-8B4A-11D0-8D11-00A0C91BC942}") = "reopen", "tests\reopen.vcxproj", "{CFE508E7-EC87-33CD-8791-07907EE1BA21}"
	ProjectSection(ProjectDependencies) = postProject
		{8C948812-E70B-3690-B9D4-9B144098EE16} = {8C948812-E70B-3690-B9D4-9B144098EE16}
		{957A84C4-3942-3876-9DA5-219C4701B15D} = {957A84C4-3942-3876-9DA5-219C4701B15D}
	EndProjectSection
EndProject
Project("{8BC9CEB8-8B4A-11D0-8D11-00A0C91BC942}") = "sharing", "tests\sharing.vcxproj", "{9100E386-E944-35E6-A8C5-27A424389D74}"
	ProjectSection(ProjectDependencies) = postProject
		{8C948812-E70B-3690-B9D4-9B144098EE16} = {8C948812-E70B-3690-B9D4-9B144098EE16}
		{957A84C4-3942-3876-9DA5-219C4701B15D} = {957A84C4-3942-3876-9DA5-219C4701B15D}
	EndProjectSection
EndProject
Project("{8BC9CEB8-8B4A-11D0-8D11-00A0C91BC942}") = "simple", "examples\simple.vcxproj", "{63E34AE2-2B2F-3610-9353-3551CB0C24DF}"
	ProjectSection(ProjectDependencies) = postProject
		{8C948812-E70B-3690-B9D4-9B144098EE16} = {8C948812-E70B-3690-B9D4-9B144098EE16}
		{957A84C4-3942-3876-9DA5-219C4701B15D} = {957A84C4-3942-3876-9DA5-219C4701B15D}
	EndProjectSection
EndProject
Project("{8BC9CEB8-8B4A-11D0-8D11-00A0C91BC942}") = "splitview", "examples\splitview.vcxproj", "{7F8B6EBD-88A3-39CF-B22C-DF47D846705A}"
	ProjectSection(ProjectDependencies) = postProject
		{8C948812-E70B-3690-B9D4-9B144098EE16} = {8C948812-E70B-3690-B9D4-9B144098EE16}
		{957A84C4-3942-3876-9DA5-219C4701B15D} = {957A84C4-3942-3876-9DA5-219C4701B15D}
	EndProjectSection
EndProject
Project("{8BC9CEB8-8B4A-11D0-8D11-00A0C91BC942}") = "tearing", "tests\tearing.vcxproj", "{79E1D2D9-C1E6-33B6-8604-939DD6E0C797}"
	ProjectSection(ProjectDependencies) = postProject
		{8C948812-E70B-3690-B9D4-9B144098EE16} = {8C948812-E70B-3690-B9D4-9B144098EE16}
		{957A84C4-3942-3876-9DA5-219C4701B15D} = {957A84C4-3942-3876-9DA5-219C4701B15D}
	EndProjectSection
EndProject
Project("{8BC9CEB8-8B4A-11D0-8D11-00A0C91BC942}") = "threads", "tests\threads.vcxproj", "{DD6075C7-5BD0-3288-8946-C5B90878A41F}"
	ProjectSection(ProjectDependencies) = postProject
		{8C948812-E70B-3690-B9D4-9B144098EE16} = {8C948812-E70B-3690-B9D4-9B144098EE16}
		{957A84C4-3942-3876-9DA5-219C4701B15D} = {957A84C4-3942-3876-9DA5-219C4701B15D}
	EndProjectSection
EndProject
Project("{8BC9CEB8-8B4A-11D0-8D11-00A0C91BC942}") = "timeout", "tests\timeout.vcxproj", "{9D03709C-F8A6-30D4-96EE-AF1B6E273488}"
	ProjectSection(ProjectDependencies) = postProject
		{8C948812-E70B-3690-B9D4-9B144098EE16} = {8C948812-E70B-3690-B9D4-9B144098EE16}
		{957A84C4-3942-3876-9DA5-219C4701B15D} = {957A84C4-3942-3876-9DA5-219C4701B15D}
	EndProjectSection
EndProject
Project("{8BC9CEB8-8B4A-11D0-8D11-00A0C91BC942}") = "title", "tests\title.vcxproj", "{48B228DE-647E-3515-9686-5A6F1CC57769}"
	ProjectSection(ProjectDependencies) = postProject
		{8C948812-E70B-3690-B9D4-9B144098EE16} = {8C948812-E70B-3690-B9D4-9B144098EE16}
		{957A84C4-3942-3876-9DA5-219C4701B15D} = {957A84C4-3942-3876-9DA5-219C4701B15D}
	EndProjectSection
EndProject
Project("{8BC9CEB8-8B4A-11D0-8D11-00A0C91BC942}") = "uninstall", "uninstall.vcxproj", "{4C8982C8-E1E2-31F0-A60B-81FFBFF1BD4A}"
	ProjectSection(ProjectDependencies) = postProject
		{8C948812-E70B-3690-B9D4-9B144098EE16} = {8C948812-E70B-3690-B9D4-9B144098EE16}
	EndProjectSection
EndProject
Project("{8BC9CEB8-8B4A-11D0-8D11-00A0C91BC942}") = "wave", "examples\wave.vcxproj", "{17B37507-3FBF-3B3E-AC4A-910A74268768}"
	ProjectSection(ProjectDependencies) = postProject
		{8C948812-E70B-3690-B9D4-9B144098EE16} = {8C948812-E70B-3690-B9D4-9B144098EE16}
		{957A84C4-3942-3876-9DA5-219C4701B15D} = {957A84C4-3942-3876-9DA5-219C4701B15D}
	EndProjectSection
EndProject
Project("{8BC9CEB8-8B4A-11D0-8D11-00A0C91BC942}") = "windows", "tests\windows.vcxproj", "{8AFAF5C5-8125-3E6B-8F8B-0E57B5E3B4E9}"
	ProjectSection(ProjectDependencies) = postProject
		{8C948812-E70B-3690-B9D4-9B144098EE16} = {8C948812-E70B-3690-B9D4-9B144098EE16}
		{957A84C4-3942-3876-9DA5-219C4701B15D} = {957A84C4-3942-3876-9DA5-219C4701B15D}
	EndProjectSection
EndProject
Global
	GlobalSection(SolutionConfigurationPlatforms) = preSolution
		Debug|Win32 = Debug|Win32
		Release|Win32 = Release|Win32
		MinSizeRel|Win32 = MinSizeRel|Win32
		RelWithDebInfo|Win32 = RelWithDebInfo|Win32
	EndGlobalSection
	GlobalSection(ProjectConfigurationPlatforms) = postSolution
		{213F4676-6C43-3ACF-8B38-7F8CFB997D06}.Debug|Win32.ActiveCfg = Debug|Win32
		{213F4676-6C43-3ACF-8B38-7F8CFB997D06}.Debug|Win32.Build.0 = Debug|Win32
		{213F4676-6C43-3ACF-8B38-7F8CFB997D06}.Release|Win32.ActiveCfg = Release|Win32
		{213F4676-6C43-3ACF-8B38-7F8CFB997D06}.Release|Win32.Build.0 = Release|Win32
		{213F4676-6C43-3ACF-8B38-7F8CFB997D06}.MinSizeRel|Win32.ActiveCfg = MinSizeRel|Win32
		{213F4676-6C43-3ACF-8B38-7F8CFB997D06}.MinSizeRel|Win32.Build.0 = MinSizeRel|Win32
		{213F4676-6C43-3ACF-8B38-7F8CFB997D06}.RelWithDebInfo|Win32.ActiveCfg = RelWithDebInfo|Win32
		{213F4676-6C43-3ACF-8B38-7F8CFB997D06}.RelWithDebInfo|Win32.Build.0 = RelWithDebInfo|Win32
		{EDB5AE5C-7046-3245-B908-40D08F1993AE}.Debug|Win32.ActiveCfg = Debug|Win32
		{EDB5AE5C-7046-3245-B908-40D08F1993AE}.Release|Win32.ActiveCfg = Release|Win32
		{EDB5AE5C-7046-3245-B908-40D08F1993AE}.MinSizeRel|Win32.ActiveCfg = MinSizeRel|Win32
		{EDB5AE5C-7046-3245-B908-40D08F1993AE}.RelWithDebInfo|Win32.ActiveCfg = RelWithDebInfo|Win32
		{8C948812-E70B-3690-B9D4-9B144098EE16}.Debug|Win32.ActiveCfg = Debug|Win32
		{8C948812-E70B-3690-B9D4-9B144098EE16}.Debug|Win32.Build.0 = Debug|Win32
		{8C948812-E70B-3690-B9D4-9B144098EE16}.Release|Win32.ActiveCfg = Release|Win32
		{8C948812-E70B-3690-B9D4-9B144098EE16}.Release|Win32.Build.0 = Release|Win32
		{8C948812-E70B-3690-B9D4-9B144098EE16}.MinSizeRel|Win32.ActiveCfg = MinSizeRel|Win32
		{8C948812-E70B-3690-B9D4-9B144098EE16}.MinSizeRel|Win32.Build.0 = MinSizeRel|Win32
		{8C948812-E70B-3690-B9D4-9B144098EE16}.RelWithDebInfo|Win32.ActiveCfg = RelWithDebInfo|Win32
		{8C948812-E70B-3690-B9D4-9B144098EE16}.RelWithDebInfo|Win32.Build.0 = RelWithDebInfo|Win32
		{1F9B1035-1CA4-39D6-9B83-B7572F461902}.Debug|Win32.ActiveCfg = Debug|Win32
		{1F9B1035-1CA4-39D6-9B83-B7572F461902}.Debug|Win32.Build.0 = Debug|Win32
		{1F9B1035-1CA4-39D6-9B83-B7572F461902}.Release|Win32.ActiveCfg = Release|Win32
		{1F9B1035-1CA4-39D6-9B83-B7572F461902}.Release|Win32.Build.0 = Release|Win32
		{1F9B1035-1CA4-39D6-9B83-B7572F461902}.MinSizeRel|Win32.ActiveCfg = MinSizeRel|Win32
		{1F9B1035-1CA4-39D6-9B83-B7572F461902}.MinSizeRel|Win32.Build.0 = MinSizeRel|Win32
		{1F9B1035-1CA4-39D6-9B83-B7572F461902}.RelWithDebInfo|Win32.ActiveCfg = RelWithDebInfo|Win32
		{1F9B1035-1CA4-39D6-9B83-B7572F461902}.RelWithDebInfo|Win32.Build.0 = RelWithDebInfo|Win32
		{0C6DD35A-EC9D-32C2-BC17-A2325015DCE6}.Debug|Win32.ActiveCfg = Debug|Win32
		{0C6DD35A-EC9D-32C2-BC17-A2325015DCE6}.Debug|Win32.Build.0 = Debug|Win32
		{0C6DD35A-EC9D-32C2-BC17-A2325015DCE6}.Release|Win32.ActiveCfg = Release|Win32
		{0C6DD35A-EC9D-32C2-BC17-A2325015DCE6}.Release|Win32.Build.0 = Release|Win32
		{0C6DD35A-EC9D-32C2-BC17-A2325015DCE6}.MinSizeRel|Win32.ActiveCfg = MinSizeRel|Win32
		{0C6DD35A-EC9D-32C2-BC17-A2325015DCE6}.MinSizeRel|Win32.Build.0 = MinSizeRel|Win32
		{0C6DD35A-EC9D-32C2-BC17-A2325015DCE6}.RelWithDebInfo|Win32.ActiveCfg = RelWithDebInfo|Win32
		{0C6DD35A-EC9D-32C2-BC17-A2325015DCE6}.RelWithDebInfo|Win32.Build.0 = RelWithDebInfo|Win32
		{A43129BC-5C7B-34C0-9FAF-985E873E3E58}.Debug|Win32.ActiveCfg = Debug|Win32
		{A43129BC-5C7B-34C0-9FAF-985E873E3E58}.Debug|Win32.Build.0 = Debug|Win32
		{A43129BC-5C7B-34C0-9FAF-985E873E3E58}.Release|Win32.ActiveCfg = Release|Win32
		{A43129BC-5C7B-34C0-9FAF-985E873E3E58}.Release|Win32.Build.0 = Release|Win32
		{A43129BC-5C7B-34C0-9FAF-985E873E3E58}.MinSizeRel|Win32.ActiveCfg = MinSizeRel|Win32
		{A43129BC-5C7B-34C0-9FAF-985E873E3E58}.MinSizeRel|Win32.Build.0 = MinSizeRel|Win32
		{A43129BC-5C7B-34C0-9FAF-985E873E3E58}.RelWithDebInfo|Win32.ActiveCfg = RelWithDebInfo|Win32
		{A43129BC-5C7B-34C0-9FAF-985E873E3E58}.RelWithDebInfo|Win32.Build.0 = RelWithDebInfo|Win32
		{64CCE29A-F890-37D9-B846-F2215328DCA0}.Debug|Win32.ActiveCfg = Debug|Win32
		{64CCE29A-F890-37D9-B846-F2215328DCA0}.Debug|Win32.Build.0 = Debug|Win32
		{64CCE29A-F890-37D9-B846-F2215328DCA0}.Release|Win32.ActiveCfg = Release|Win32
		{64CCE29A-F890-37D9-B846-F2215328DCA0}.Release|Win32.Build.0 = Release|Win32
		{64CCE29A-F890-37D9-B846-F2215328DCA0}.MinSizeRel|Win32.ActiveCfg = MinSizeRel|Win32
		{64CCE29A-F890-37D9-B846-F2215328DCA0}.MinSizeRel|Win32.Build.0 = MinSizeRel|Win32
		{64CCE29A-F890-37D9-B846-F2215328DCA0}.RelWithDebInfo|Win32.ActiveCfg = RelWithDebInfo|Win32
		{64CCE29A-F890-37D9-B846-F2215328DCA0}.RelWithDebInfo|Win32.Build.0 = RelWithDebInfo|Win32
		{C65B6464-1872-3E00-A61A-E5505387FD62}.Debug|Win32.ActiveCfg = Debug|Win32
		{C65B6464-1872-3E00-A61A-E5505387FD62}.Debug|Win32.Build.0 = Debug|Win32
		{C65B6464-1872-3E00-A61A-E5505387FD62}.Release|Win32.ActiveCfg = Release|Win32
		{C65B6464-1872-3E00-A61A-E5505387FD62}.Release|Win32.Build.0 = Release|Win32
		{C65B6464-1872-3E00-A61A-E5505387FD62}.MinSizeRel|Win32.ActiveCfg = MinSizeRel|Win32
		{C65B6464-1872-3E00-A61A-E5505387FD62}.MinSizeRel|Win32.Build.0 = MinSizeRel|Win32
		{C65B6464-1872-3E00-A61A-E5505387FD62}.RelWithDebInfo|Win32.ActiveCfg = RelWithDebInfo|Win32
		{C65B6464-1872-3E00-A61A-E5505387FD62}.RelWithDebInfo|Win32.Build.0 = RelWithDebInfo|Win32
		{7310FCD5-1DE1-35E1-881B-20B1F51BDB0F}.Debug|Win32.ActiveCfg = Debug|Win32
		{7310FCD5-1DE1-35E1-881B-20B1F51BDB0F}.Debug|Win32.Build.0 = Debug|Win32
		{7310FCD5-1DE1-35E1-881B-20B1F51BDB0F}.Release|Win32.ActiveCfg = Release|Win32
		{7310FCD5-1DE1-35E1-881B-20B1F51BDB0F}.Release|Win32.Build.0 = Release|Win32
		{7310FCD5-1DE1-35E1-881B-20B1F51BDB0F}.MinSizeRel|Win32.ActiveCfg = MinSizeRel|Win32
		{7310FCD5-1DE1-35E1-881B-20B1F51BDB0F}.MinSizeRel|Win32.Build.0 = MinSizeRel|Win32
		{7310FCD5-1DE1-35E1-881B-20B1F51BDB0F}.RelWithDebInfo|Win32.ActiveCfg = RelWithDebInfo|Win32
		{7310FCD5-1DE1-35E1-881B-20B1F51BDB0F}.RelWithDebInfo|Win32.Build.0 = RelWithDebInfo|Win32
		{FD2C2C65-9164-3588-9EE2-724AB07E624A}.Debug|Win32.ActiveCfg = Debug|Win32
		{FD2C2C65-9164-3588-9EE2-724AB07E624A}.Debug|Win32.Build.0 = Debug|Win32
		{FD2C2C65-9164-3588-9EE2-724AB07E624A}.Release|Win32.ActiveCfg = Release|Win32
		{FD2C2C65-9164-3588-9EE2-724AB07E624A}.Release|Win32.Build.0 = Release|Win32
		{FD2C2C65-9164-3588-9EE2-724AB07E624A}.MinSizeRel|Win32.ActiveCfg = MinSizeRel|Win32
		{FD2C2C65-9164-3588-9EE2-724AB07E624A}.MinSizeRel|Win32.Build.0 = MinSizeRel|Win32
		{FD2C2C65-9164-3588-9EE2-724AB07E624A}.RelWithDebInfo|Win32.ActiveCfg = RelWithDebInfo|Win32
		{FD2C2C65-9164-3588-9EE2-724AB07E624A}.RelWithDebInfo|Win32.Build.0 = RelWithDebInfo|Win32
		{957A84C4-3942-3876-9DA5-219C4701B15D}.Debug|Win32.ActiveCfg = Debug|Win32
		{957A84C4-3942-3876-9DA5-219C4701B15D}.Debug|Win32.Build.0 = Debug|Win32
		{957A84C4-3942-3876-9DA5-219C4701B15D}.Release|Win32.ActiveCfg = Release|Win32
		{957A84C4-3942-3876-9DA5-219C4701B15D}.Release|Win32.Build.0 = Release|Win32
		{957A84C4-3942-3876-9DA5-219C4701B15D}.MinSizeRel|Win32.ActiveCfg = MinSizeRel|Win32
		{957A84C4-3942-3876-9DA5-219C4701B15D}.MinSizeRel|Win32.Build.0 = MinSizeRel|Win32
		{957A84C4-3942-3876-9DA5-219C4701B15D}.RelWithDebInfo|Win32.ActiveCfg = RelWithDebInfo|Win32
		{957A84C4-3942-3876-9DA5-219C4701B15D}.RelWithDebInfo|Win32.Build.0 = RelWithDebInfo|Win32
		{445BD253-1073-3356-8DB5-997F5F3404F4}.Debug|Win32.ActiveCfg = Debug|Win32
		{445BD253-1073-3356-8DB5-997F5F3404F4}.Debug|Win32.Build.0 = Debug|Win32
		{445BD253-1073-3356-8DB5-997F5F3404F4}.Release|Win32.ActiveCfg = Release|Win32
		{445BD253-1073-3356-8DB5-997F5F3404F4}.Release|Win32.Build.0 = Release|Win32
		{445BD253-1073-3356-8DB5-997F5F3404F4}.MinSizeRel|Win32.ActiveCfg = MinSizeRel|Win32
		{445BD253-1073-3356-8DB5-997F5F3404F4}.MinSizeRel|Win32.Build.0 = MinSizeRel|Win32
		{445BD253-1073-3356-8DB5-997F5F3404F4}.RelWithDebInfo|Win32.ActiveCfg = RelWithDebInfo|Win32
		{445BD253-1073-3356-8DB5-997F5F3404F4}.RelWithDebInfo|Win32.Build.0 = RelWithDebInfo|Win32
		{070CF72A-6D61-3776-8DB8-7AF4AABDCCCB}.Debug|Win32.ActiveCfg = Debug|Win32
		{070CF72A-6D61-3776-8DB8-7AF4AABDCCCB}.Debug|Win32.Build.0 = Debug|Win32
		{070CF72A-6D61-3776-8DB8-7AF4AABDCCCB}.Release|Win32.ActiveCfg = Release|Win32
		{070CF72A-6D61-3776-8DB8-7AF4AABDCCCB}.Release|Win32.Build.0 = Release|Win32
		{070CF72A-6D61-3776-8DB8-7AF4AABDCCCB}.MinSizeRel|Win32.ActiveCfg = MinSizeRel|Win32
		{070CF72A-6D61-3776-8DB8-7AF4AABDCCCB}.MinSizeRel|Win32.Build.0 = MinSizeRel|Win32
		{070CF72A-6D61-3776-8DB8-7AF4AABDCCCB}.RelWithDebInfo|Win32.ActiveCfg = RelWithDebInfo|Win32
		{070CF72A-6D61-3776-8DB8-7AF4AABDCCCB}.RelWithDebInfo|Win32.Build.0 = RelWithDebInfo|Win32
		{403EDD4C-05B1-37B7-918F-E633DAC7543F}.Debug|Win32.ActiveCfg = Debug|Win32
		{403EDD4C-05B1-37B7-918F-E633DAC7543F}.Debug|Win32.Build.0 = Debug|Win32
		{403EDD4C-05B1-37B7-918F-E633DAC7543F}.Release|Win32.ActiveCfg = Release|Win32
		{403EDD4C-05B1-37B7-918F-E633DAC7543F}.Release|Win32.Build.0 = Release|Win32
		{403EDD4C-05B1-37B7-918F-E633DAC7543F}.MinSizeRel|Win32.ActiveCfg = MinSizeRel|Win32
		{403EDD4C-05B1-37B7-918F-E633DAC7543F}.MinSizeRel|Win32.Build.0 = MinSizeRel|Win32
		{403EDD4C-05B1-37B7-918F-E633DAC7543F}.RelWithDebInfo|Win32.ActiveCfg = RelWithDebInfo|Win32
		{403EDD4C-05B1-37B7-918F-E633DAC7543F}.RelWithDebInfo|Win32.Build.0 = RelWithDebInfo|Win32
		{B6E87898-76CB-336D-847B-C88657DAE67E}.Debug|Win32.ActiveCfg = Debug|Win32
		{B6E87898-76CB-336D-847B-C88657DAE67E}.Debug|Win32.Build.0 = Debug|Win32
		{B6E87898-76CB-336D-847B-C88657DAE67E}.Release|Win32.ActiveCfg = Release|Win32
		{B6E87898-76CB-336D-847B-C88657DAE67E}.Release|Win32.Build.0 = Release|Win32
		{B6E87898-76CB-336D-847B-C88657DAE67E}.MinSizeRel|Win32.ActiveCfg = MinSizeRel|Win32
		{B6E87898-76CB-336D-847B-C88657DAE67E}.MinSizeRel|Win32.Build.0 = MinSizeRel|Win32
		{B6E87898-76CB-336D-847B-C88657DAE67E}.RelWithDebInfo|Win32.ActiveCfg = RelWithDebInfo|Win32
		{B6E87898-76CB-336D-847B-C88657DAE67E}.RelWithDebInfo|Win32.Build.0 = RelWithDebInfo|Win32
		{3C6FBA17-782C-3700-BBA2-DF1837CD0EFA}.Debug|Win32.ActiveCfg = Debug|Win32
		{3C6FBA17-782C-3700-BBA2-DF1837CD0EFA}.Debug|Win32.Build.0 = Debug|Win32
		{3C6FBA17-782C-3700-BBA2-DF1837CD0EFA}.Release|Win32.ActiveCfg = Release|Win32
		{3C6FBA17-782C-3700-BBA2-DF1837CD0EFA}.Release|Win32.Build.0 = Release|Win32
		{3C6FBA17-782C-3700-BBA2-DF1837CD0EFA}.MinSizeRel|Win32.ActiveCfg = MinSizeRel|Win32
		{3C6FBA17-782C-3700-BBA2-DF1837CD0EFA}.MinSizeRel|Win32.Build.0 = MinSizeRel|Win32
		{3C6FBA17-782C-3700-BBA2-DF1837CD0EFA}.RelWithDebInfo|Win32.ActiveCfg = RelWithDebInfo|Win32
		{3C6FBA17-782C-3700-BBA2-DF1837CD0EFA}.RelWithDebInfo|Win32.Build.0 = RelWithDebInfo|Win32
		{D99D1824-730A-31FA-9D7A-E931B0747E46}.Debug|Win32.ActiveCfg = Debug|Win32
		{D99D1824-730A-31FA-9D7A-E931B0747E46}.Debug|Win32.Build.0 = Debug|Win32
		{D99D1824-730A-31FA-9D7A-E931B0747E46}.Release|Win32.ActiveCfg = Release|Win32
		{D99D1824-730A-31FA-9D7A-E931B0747E46}.Release|Win32.Build.0 = Release|Win32
		{D99D1824-730A-31FA-9D7A-E931B0747E46}.MinSizeRel|Win32.ActiveCfg = MinSizeRel|Win32
		{D99D1824-730A-31FA-9D7A-E931B0747E46}.MinSizeRel|Win32.Build.0 = MinSizeRel|Win32
		{D99D1824-730A-31FA-9D7A-E931B0747E46}.RelWithDebInfo|Win32.ActiveCfg = RelWithDebInfo|Win32
		{D99D1824-730A-31FA-9D7A-E931B0747E46}.RelWithDebInfo|Win32.Build.0 = RelWithDebInfo|Win32
		{AF5429FF-B249-33EB-B453-971A549D9933}.Debug|Win32.ActiveCfg = Debug|Win32
		{AF5429FF-B249-33EB-B453-971A549D9933}.Debug|Win32.Build.0 = Debug|Win32
		{AF5429FF-B249-33EB-B453-971A549D9933}.Release|Win32.ActiveCfg = Release|Win32
		{AF5429FF-B249-33EB-B453-971A549D9933}.Release|Win32.Build.0 = Release|Win32
		{AF5429FF-B249-33EB-B453-971A549D9933}.MinSizeRel|Win32.ActiveCfg = MinSizeRel|Win32
		{AF5429FF-B249-33EB-B453-971A549D9933}.MinSizeRel|Win32.Build.0 = MinSizeRel|Win32
		{AF5429FF-B249-33EB-B453-971A549D9933}.RelWithDebInfo|Win32.ActiveCfg = RelWithDebInfo|Win32
		{AF5429FF-B249-33EB-B453-971A549D9933}.RelWithDebInfo|Win32.Build.0 = RelWithDebInfo|Win32
		{0EA20109-C41A-30D9-A0CA-1E065F7EF4DC}.Debug|Win32.ActiveCfg = Debug|Win32
		{0EA20109-C41A-30D9-A0CA-1E065F7EF4DC}.Debug|Win32.Build.0 = Debug|Win32
		{0EA20109-C41A-30D9-A0CA-1E065F7EF4DC}.Release|Win32.ActiveCfg = Release|Win32
		{0EA20109-C41A-30D9-A0CA-1E065F7EF4DC}.Release|Win32.Build.0 = Release|Win32
		{0EA20109-C41A-30D9-A0CA-1E065F7EF4DC}.MinSizeRel|Win32.ActiveCfg = MinSizeRel|Win32
		{0EA20109-C41A-30D9-A0CA-1E065F7EF4DC}.MinSizeRel|Win32.Build.0 = MinSizeRel|Win32
		{0EA20109-C41A-30D9-A0CA-1E065F7EF4DC}.RelWithDebInfo|Win32.ActiveCfg = RelWithDebInfo|Win32
		{0EA20109-C41A-30D9-A0CA-1E065F7EF4DC}.RelWithDebInfo|Win32.Build.0 = RelWithDebInfo|Win32
		{CFE508E7-EC87-33CD-8791-07907EE1BA21}.Debug|Win32.ActiveCfg = Debug|Win32
		{CFE508E7-EC87-33CD-8791-07907EE1BA21}.Debug|Win32.Build.0 = Debug|Win32
		{CFE508E7-EC87-33CD-8791-07907EE1BA21}.Release|Win32.ActiveCfg = Release|Win32
		{CFE508E7-EC87-33CD-8791-07907EE1BA21}.Release|Win32.Build.0 = Release|Win32
		{CFE508E7-EC87-33CD-8791-07907EE1BA21}.MinSizeRel|Win32.ActiveCfg = MinSizeRel|Win32
		{CFE508E7-EC87-33CD-8791-07907EE1BA21}.MinSizeRel|Win32.Build.0 = MinSizeRel|Win32
		{CFE508E7-EC87-33CD-8791-07907EE1BA21}.RelWithDebInfo|Win32.ActiveCfg = RelWithDebInfo|Win32
		{CFE508E7-EC87-33CD-8791-07907EE1BA21}.RelWithDebInfo|Win32.Build.0 = RelWithDebInfo|Win32
		{9100E386-E944-35E6-A8C5-27A424389D74}.Debug|Win32.ActiveCfg = Debug|Win32
		{9100E386-E944-35E6-A8C5-27A424389D74}.Debug|Win32.Build.0 = Debug|Win32
		{9100E386-E944-35E6-A8C5-27A424389D74}.Release|Win32.ActiveCfg = Release|Win32
		{9100E386-E944-35E6-A8C5-27A424389D74}.Release|Win32.Build.0 = Release|Win32
		{9100E386-E944-35E6-A8C5-27A424389D74}.MinSizeRel|Win32.ActiveCfg = MinSizeRel|Win32
		{9100E386-E944-35E6-A8C5-27A424389D74}.MinSizeRel|Win32.Build.0 = MinSizeRel|Win32
		{9100E386-E944-35E6-A8C5-27A424389D74}.RelWithDebInfo|Win32.ActiveCfg = RelWithDebInfo|Win32
		{9100E386-E944-35E6-A8C5-27A424389D74}.RelWithDebInfo|Win32.Build.0 = RelWithDebInfo|Win32
		{63E34AE2-2B2F-3610-9353-3551CB0C24DF}.Debug|Win32.ActiveCfg = Debug|Win32
		{63E34AE2-2B2F-3610-9353-3551CB0C24DF}.Debug|Win32.Build.0 = Debug|Win32
		{63E34AE2-2B2F-3610-9353-3551CB0C24DF}.Release|Win32.ActiveCfg = Release|Win32
		{63E34AE2-2B2F-3610-9353-3551CB0C24DF}.Release|Win32.Build.0 = Release|Win32
		{63E34AE2-2B2F-3610-9353-3551CB0C24DF}.MinSizeRel|Win32.ActiveCfg = MinSizeRel|Win32
		{63E34AE2-2B2F-3610-9353-3551CB0C24DF}.MinSizeRel|Win32.Build.0 = MinSizeRel|Win32
		{63E34AE2-2B2F-3610-9353-3551CB0C24DF}.RelWithDebInfo|Win32.ActiveCfg = RelWithDebInfo|Win32
		{63E34AE2-2B2F-3610-9353-3551CB0C24DF}.RelWithDebInfo|Win32.Build.0 = RelWithDebInfo|Win32
		{7F8B6EBD-88A3-39CF-B22C-DF47D846705A}.Debug|Win32.ActiveCfg = Debug|Win32
		{7F8B6EBD-88A3-39CF-B22C-DF47D846705A}.Debug|Win32.Build.0 = Debug|Win32
		{7F8B6EBD-88A3-39CF-B22C-DF47D846705A}.Release|Win32.ActiveCfg = Release|Win32
		{7F8B6EBD-88A3-39CF-B22C-DF47D846705A}.Release|Win32.Build.0 = Release|Win32
		{7F8B6EBD-88A3-39CF-B22C-DF47D846705A}.MinSizeRel|Win32.ActiveCfg = MinSizeRel|Win32
		{7F8B6EBD-88A3-39CF-B22C-DF47D846705A}.MinSizeRel|Win32.Build.0 = MinSizeRel|Win32
		{7F8B6EBD-88A3-39CF-B22C-DF47D846705A}.RelWithDebInfo|Win32.ActiveCfg = RelWithDebInfo|Win32
		{7F8B6EBD-88A3-39CF-B22C-DF47D846705A}.RelWithDebInfo|Win32.Build.0 = RelWithDebInfo|Win32
		{79E1D2D9-C1E6-33B6-8604-939DD6E0C797}.Debug|Win32.ActiveCfg = Debug|Win32
		{79E1D2D9-C1E6-33B6-8604-939DD6E0C797}.Debug|Win32.Build.0 = Debug|Win32
		{79E1D2D9-C1E6-33B6-8604-939DD6E0C797}.Release|Win32.ActiveCfg = Release|Win32
		{79E1D2D9-C1E6-33B6-8604-939DD6E0C797}.Release|Win32.Build.0 = Release|Win32
		{79E1D2D9-C1E6-33B6-8604-939DD6E0C797}.MinSizeRel|Win32.ActiveCfg = MinSizeRel|Win32
		{79E1D2D9-C1E6-33B6-8604-939DD6E0C797}.MinSizeRel|Win32.Build.0 = MinSizeRel|Win32
		{79E1D2D9-C1E6-33B6-8604-939DD6E0C797}.RelWithDebInfo|Win32.ActiveCfg = RelWithDebInfo|Win32
		{79E1D2D9-C1E6-33B6-8604-939DD6E0C797}.RelWithDebInfo|Win32.Build.0 = RelWithDebInfo|Win32
		{DD6075C7-5BD0-3288-8946-C5B90878A41F}.Debug|Win32.ActiveCfg = Debug|Win32
		{DD6075C7-5BD0-3288-8946-C5B90878A41F}.Debug|Win32.Build.0 = Debug|Win32
		{DD6075C7-5BD0-3288-8946-C5B90878A41F}.Release|Win32.ActiveCfg = Release|Win32
		{DD6075C7-5BD0-3288-8946-C5B90878A41F}.Release|Win32.Build.0 = Release|Win32
		{DD6075C7-5BD0-3288-8946-C5B90878A41F}.MinSizeRel|Win32.ActiveCfg = MinSizeRel|Win32
		{DD6075C7-5BD0-3288-8946-C5B90878A41F}.MinSizeRel|Win32.Build.0 = MinSizeRel|Win32
		{DD6075C7-5BD0-3288-8946-C5B90878A41F}.RelWithDebInfo|Win32.ActiveCfg = RelWithDebInfo|Win32
		{DD6075C7-5BD0-3288-8946-C5B90878A41F}.RelWithDebInfo|Win32.Build.0 = RelWithDebInfo|Win32
		{9D03709C-F8A6-30D4-96EE-AF1B6E273488}.Debug|Win32.ActiveCfg = Debug|Win32
		{9D03709C-F8A6-30D4-96EE-AF1B6E273488}.Debug|Win32.Build.0 = Debug|Win32
		{9D03709C-F8A6-30D4-96EE-AF1B6E273488}.Release|Win32.ActiveCfg = Release|Win32
		{9D03709C-F8A6-30D4-96EE-AF1B6E273488}.Release|Win32.Build.0 = Release|Win32
		{9D03709C-F8A6-30D4-96EE-AF1B6E273488}.MinSizeRel|Win32.ActiveCfg = MinSizeRel|Win32
		{9D03709C-F8A6-30D4-96EE-AF1B6E273488}.MinSizeRel|Win32.Build.0 = MinSizeRel|Win32
		{9D03709C-F8A6-30D4-96EE-AF1B6E273488}.RelWithDebInfo|Win32.ActiveCfg = RelWithDebInfo|Win32
		{9D03709C-F8A6-30D4-96EE-AF1B6E273488}.RelWithDebInfo|Win32.Build.0 = RelWithDebInfo|Win32
		{48B228DE-647E-3515-9686-5A6F1CC57769}.Debug|Win32.ActiveCfg = Debug|Win32
		{48B228DE-647E-3515-9686-5A6F1CC57769}.Debug|Win32.Build.0 = Debug|Win32
		{48B228DE-647E-3515-9686-5A6F1CC57769}.Release|Win32.ActiveCfg = Release|Win32
		{48B228DE-647E-3515-9686-5A6F1CC57769}.Release|Win32.Build.0 = Release|Win32
		{48B228DE-647E-3515-9686-5A6F1CC57769}.MinSizeRel|Win32.ActiveCfg = MinSizeRel|Win32
		{48B228DE-647E-3515-9686-5A6F1CC57769}.MinSizeRel|Win32.Build.0 = MinSizeRel|Win32
		{48B228DE-647E-3515-9686-5A6F1CC57769}.RelWithDebInfo|Win32.ActiveCfg = RelWithDebInfo|Win32
		{48B228DE-647E-3515-9686-5A6F1CC57769}.RelWithDebInfo|Win32.Build.0 = RelWithDebInfo|Win32
		{4C8982C8-E1E2-31F0-A60B-81FFBFF1BD4A}.Debug|Win32.ActiveCfg = Debug|Win32
		{4C8982C8-E1E2-31F0-A60B-81FFBFF1BD4A}.Release|Win32.ActiveCfg = Release|Win32
		{4C8982C8-E1E2-31F0-A60B-81FFBFF1BD4A}.MinSizeRel|Win32.ActiveCfg = MinSizeRel|Win32
		{4C8982C8-E1E2-31F0-A60B-81FFBFF1BD4A}.RelWithDebInfo|Win32.ActiveCfg = RelWithDebInfo|Win32
		{17B37507-3FBF-3B3E-AC4A-910A74268768}.Debug|Win32.ActiveCfg = Debug|Win32
		{17B37507-3FBF-3B3E-AC4A-910A74268768}.Debug|Win32.Build.0 = Debug|Win32
		{17B37507-3FBF-3B3E-AC4A-910A74268768}.Release|Win32.ActiveCfg = Release|Win32
		{17B37507-3FBF-3B3E-AC4A-910A74268768}.Release|Win32.Build.0 = Release|Win32
		{17B37507-3FBF-3B3E-AC4A-910A74268768}.MinSizeRel|Win32.ActiveCfg = MinSizeRel|Win32
		{17B37507-3FBF-3B3E-AC4A-910A74268768}.MinSizeRel|Win32.Build.0 = MinSizeRel|Win32
		{17B37507-3FBF-3B3E-AC4A-910A74268768}.RelWithDebInfo|Win32.ActiveCfg = RelWithDebInfo|Win32
		{17B37507-3FBF-3B3E-AC4A-910A74268768}.RelWithDebInfo|Win32.Build.0 = RelWithDebInfo|Win32
		{8AFAF5C5-8125-3E6B-8F8B-0E57B5E3B4E9}.Debug|Win32.ActiveCfg = Debug|Win32
		{8AFAF5C5-8125-3E6B-8F8B-0E57B5E3B4E9}.Debug|Win32.Build.0 = Debug|Win32
		{8AFAF5C5-8125-3E6B-8F8B-0E57B5E3B4E9}.Release|Win32.ActiveCfg = Release|Win32
		{8AFAF5C5-8125-3E6B-8F8B-0E57B5E3B4E9}.Release|Win32.Build.0 = Release|Win32
		{8AFAF5C5-8125-3E6B-8F8B-0E57B5E3B4E9}.MinSizeRel|Win32.ActiveCfg = MinSizeRel|Win32
		{8AFAF5C5-8125-3E6B-8F8B-0E57B5E3B4E9}.MinSizeRel|Win32.Build.0 = MinSizeRel|Win32
		{8AFAF5C5-8125-3E6B-8F8B-0E57B5E3B4E9}.RelWithDebInfo|Win32.ActiveCfg = RelWithDebInfo|Win32
		{8AFAF5C5-8125-3E6B-8F8B-0E57B5E3B4E9}.RelWithDebInfo|Win32.Build.0 = RelWithDebInfo|Win32
	EndGlobalSection
	GlobalSection(NestedProjects) = preSolution
		{213F4676-6C43-3ACF-8B38-7F8CFB997D06} = {580BBCBA-4FBF-32F2-8DFD-C203813A3AAA}
		{EDB5AE5C-7046-3245-B908-40D08F1993AE} = {580BBCBA-4FBF-32F2-8DFD-C203813A3AAA}
		{8C948812-E70B-3690-B9D4-9B144098EE16} = {580BBCBA-4FBF-32F2-8DFD-C203813A3AAA}
		{D3107EF1-010D-3E8A-A71F-F40DE016684D} = {0323552F-116C-3DB0-90BE-E7A3E0D1C5C0}
		{CE1DEE5C-DB9F-348A-8499-B61AA3FB8B2E} = {0323552F-116C-3DB0-90BE-E7A3E0D1C5C0}
		{957A84C4-3942-3876-9DA5-219C4701B15D} = {0323552F-116C-3DB0-90BE-E7A3E0D1C5C0}
		{1F9B1035-1CA4-39D6-9B83-B7572F461902} = {D3107EF1-010D-3E8A-A71F-F40DE016684D}
		{FD2C2C65-9164-3588-9EE2-724AB07E624A} = {D3107EF1-010D-3E8A-A71F-F40DE016684D}
		{070CF72A-6D61-3776-8DB8-7AF4AABDCCCB} = {D3107EF1-010D-3E8A-A71F-F40DE016684D}
		{0EA20109-C41A-30D9-A0CA-1E065F7EF4DC} = {D3107EF1-010D-3E8A-A71F-F40DE016684D}
		{63E34AE2-2B2F-3610-9353-3551CB0C24DF} = {D3107EF1-010D-3E8A-A71F-F40DE016684D}
		{7F8B6EBD-88A3-39CF-B22C-DF47D846705A} = {D3107EF1-010D-3E8A-A71F-F40DE016684D}
		{17B37507-3FBF-3B3E-AC4A-910A74268768} = {D3107EF1-010D-3E8A-A71F-F40DE016684D}
		{0C6DD35A-EC9D-32C2-BC17-A2325015DCE6} = {CE1DEE5C-DB9F-348A-8499-B61AA3FB8B2E}
		{A43129BC-5C7B-34C0-9FAF-985E873E3E58} = {CE1DEE5C-DB9F-348A-8499-B61AA3FB8B2E}
		{64CCE29A-F890-37D9-B846-F2215328DCA0} = {CE1DEE5C-DB9F-348A-8499-B61AA3FB8B2E}
		{C65B6464-1872-3E00-A61A-E5505387FD62} = {CE1DEE5C-DB9F-348A-8499-B61AA3FB8B2E}
		{7310FCD5-1DE1-35E1-881B-20B1F51BDB0F} = {CE1DEE5C-DB9F-348A-8499-B61AA3FB8B2E}
		{445BD253-1073-3356-8DB5-997F5F3404F4} = {CE1DEE5C-DB9F-348A-8499-B61AA3FB8B2E}
		{403EDD4C-05B1-37B7-918F-E633DAC7543F} = {CE1DEE5C-DB9F-348A-8499-B61AA3FB8B2E}
		{B6E87898-76CB-336D-847B-C88657DAE67E} = {CE1DEE5C-DB9F-348A-8499-B61AA3FB8B2E}
		{3C6FBA17-782C-3700-BBA2-DF1837CD0EFA} = {CE1DEE5C-DB9F-348A-8499-B61AA3FB8B2E}
		{D99D1824-730A-31FA-9D7A-E931B0747E46} = {CE1DEE5C-DB9F-348A-8499-B61AA3FB8B2E}
		{AF5429FF-B249-33EB-B453-971A549D9933} = {CE1DEE5C-DB9F-348A-8499-B61AA3FB8B2E}
		{CFE508E7-EC87-33CD-8791-07907EE1BA21} = {CE1DEE5C-DB9F-348A-8499-B61AA3FB8B2E}
		{9100E386-E944-35E6-A8C5-27A424389D74} = {CE1DEE5C-DB9F-348A-8499-B61AA3FB8B2E}
		{79E1D2D9-C1E6-33B6-8604-939DD6E0C797} = {CE1DEE5C-DB9F-348A-8499-B61AA3FB8B2E}
		{DD6075C7-5BD0-3288-8946-C5B90878A41F} = {CE1DEE5C-DB9F-348A-8499-B61AA3FB8B2E}
		{9D03709C-F8A6-30D4-96EE-AF1B6E273488} = {CE1DEE5C-DB9F-348A-8499-B61AA3FB8B2E}
		{48B228DE-647E-3515-9686-5A6F1CC57769} = {CE1DEE5C-DB9F-348A-8499-B61AA3FB8B2E}
		{8AFAF5C5-8125-3E6B-8F8B-0E57B5E3B4E9} = {CE1DEE5C-DB9F-348A-8499-B61AA3FB8B2E}
	EndGlobalSection
	GlobalSection(ExtensibilityGlobals) = postSolution
	EndGlobalSection
	GlobalSection(ExtensibilityAddIns) = postSolution
	EndGlobalSection
EndGlobal
