<?xml version="1.0" encoding="UTF-8"?>
<Project ToolsVersion="14.0" xmlns="http://schemas.microsoft.com/developer/msbuild/2003">
  <ItemGroup>
    <CustomBuild Include="E:\OneDrive\Learn_OpenGl\lib\glfw\prj\CMakeFiles\8cd6001de5eb81fe458092ac5b309905\INSTALL_force.rule">
      <Filter>CMake Rules</Filter>
    </CustomBuild>
  </ItemGroup>
  <ItemGroup>
    <Filter Include="CMake Rules">
      <UniqueIdentifier>{00B4D557-1D25-36CF-B28E-7B810424C8C2}</UniqueIdentifier>
    </Filter>
  </ItemGroup>
</Project>
